ankle-and-foot-mock-up.png
ankle-support-mock-up.png
app-store.svg
devices.svg
empty-phone.png
logo-mountains.png
play-store.svg
schedule-mock-up.png
squat-phone.png
total-rehab-logo-solid.png
total-rehab-logo.png
ukca-logo.png
https://bflvfyeppolxjouqqaxp.supabase.co/storage/v1/object/public/images/public/ankle-and-foot_0_13_1824_1216.jpeg
https://bflvfyeppolxjouqqaxp.supabase.co/storage/v1/object/public/images/public/cold-compress-ankle_0_24_1824_1216.jpeg
